
Microsoft Visual Studio Solution File, Format Version 12.00
# Visual Studio Version 17
VisualStudioVersion = 17.6.33815.320
MinimumVisualStudioVersion = 10.0.40219.1
Project("{2150E333-8FDC-42A3-9474-1A3956D46DE8}") = "src", "src", "{8B8E3F69-E96C-4BAF-A8EF-71DB73EF6201}"
EndProject
Project("{2150E333-8FDC-42A3-9474-1A3956D46DE8}") = "Solution Items", "Solution Items", "{79FBA8B0-ADFD-4A03-BE3A-54CABCDEEFAB}"
	ProjectSection(SolutionItems) = preProject
		ServiceUrls.txt = ServiceUrls.txt
	EndProjectSection
EndProject
Project("{2150E333-8FDC-42A3-9474-1A3956D46DE8}") = "ApiGateways", "ApiGateways", "{5F1FBF10-FF81-4321-AE41-A5C833D30A9C}"
EndProject
Project("{2150E333-8FDC-42A3-9474-1A3956D46DE8}") = "BuildingBlocks", "BuildingBlocks", "{1C3CAA35-DE05-43C7-8CE7-5FF4C0A5550F}"
EndProject
Project("{2150E333-8FDC-42A3-9474-1A3956D46DE8}") = "Services", "Services", "{2B299B3E-79D4-4FF4-B42D-42FD51DD972D}"
EndProject
Project("{2150E333-8FDC-42A3-9474-1A3956D46DE8}") = "WebApiGateways", "WebApiGateways", "{8929BD65-D4D1-419B-9025-DA7C348AABCC}"
EndProject
Project("{9A19103F-16F7-4668-BE54-9A1E7A4F7556}") = "Web.ApiGateway", "src\ApiGateways\WebApiGateways\Web.ApiGateway\Web.ApiGateway.csproj", "{CEA45997-D44E-4221-9BE3-B32929A033CD}"
EndProject
Project("{2150E333-8FDC-42A3-9474-1A3956D46DE8}") = "EventBus", "EventBus", "{3435136E-AEFF-44AB-8A75-4A5EE9DE80EA}"
	ProjectSection(SolutionItems) = preProject
		EventBusConfig.cs = EventBusConfig.cs
	EndProjectSection
EndProject
Project("{9A19103F-16F7-4668-BE54-9A1E7A4F7556}") = "EventBus.Base", "src\BuildingBlocks\EventBus\EventBus.Base\EventBus.Base.csproj", "{770F00A6-BDCD-47CF-BF5F-3D9D15546825}"
EndProject
Project("{9A19103F-16F7-4668-BE54-9A1E7A4F7556}") = "EventBus.Factory", "src\BuildingBlocks\EventBus\EventBus.Factory\EventBus.Factory.csproj", "{A0B575CB-9B4D-4290-AFA7-2D5198C707E5}"
EndProject
Project("{9A19103F-16F7-4668-BE54-9A1E7A4F7556}") = "EventBus.RabbitMQ", "src\BuildingBlocks\EventBus\EventBus.RabbitMQ\EventBus.RabbitMQ.csproj", "{F861DB35-E8AD-4BC8-8EE6-41880A0DC0F0}"
EndProject
Project("{9A19103F-16F7-4668-BE54-9A1E7A4F7556}") = "EventBus.AzureServiceBus", "src\BuildingBlocks\EventBus\EventBus.AzureServiceBus\EventBus.AzureServiceBus.csproj", "{A4EC94FF-D18F-49BB-BC38-1F0DAF152AB6}"
EndProject
Project("{2150E333-8FDC-42A3-9474-1A3956D46DE8}") = "Clients", "Clients", "{498640DE-1D92-4E7A-B64A-14ACF21993B4}"
EndProject
Project("{2150E333-8FDC-42A3-9474-1A3956D46DE8}") = "BlazorWebApp", "BlazorWebApp", "{39766DE6-C07A-459A-B0DC-C294475FF68E}"
EndProject
Project("{9A19103F-16F7-4668-BE54-9A1E7A4F7556}") = "WebApp", "src\Clients\BlazorWebApp\WebApp\WebApp.csproj", "{C22F0894-9EA1-40A7-BF5A-099FB552037B}"
EndProject
Project("{2150E333-8FDC-42A3-9474-1A3956D46DE8}") = "BasketService", "BasketService", "{22AD0DD7-69FE-477C-91B6-F747942225FD}"
EndProject
Project("{9A19103F-16F7-4668-BE54-9A1E7A4F7556}") = "BasketService.API", "src\Services\BasketService\BasketService.API\BasketService.API.csproj", "{14DBCFDF-CB63-4DFD-9A21-D7070DE15210}"
EndProject
Project("{2150E333-8FDC-42A3-9474-1A3956D46DE8}") = "CatalogService", "CatalogService", "{D194CC24-3F1E-4B25-A3B1-2E21F059E807}"
EndProject
Project("{9A19103F-16F7-4668-BE54-9A1E7A4F7556}") = "CatalogService.API", "src\Services\CatalogService\CatalogService.API\CatalogService.API.csproj", "{9C4229DC-B7BF-43C4-8F7D-996A466AB346}"
EndProject
Project("{2150E333-8FDC-42A3-9474-1A3956D46DE8}") = "IdentityService", "IdentityService", "{1248032C-B7BC-41A1-8ADF-99285179CCB9}"
EndProject
Project("{9A19103F-16F7-4668-BE54-9A1E7A4F7556}") = "IdentityService.API", "src\Services\IdentityService\IdentityService.API\IdentityService.API.csproj", "{2138F692-81DD-408A-94A1-E7D7CF530696}"
EndProject
Project("{2150E333-8FDC-42A3-9474-1A3956D46DE8}") = "NotificationService", "NotificationService", "{B50FCF11-8101-40FC-93A3-04D9EE398257}"
EndProject
Project("{9A19103F-16F7-4668-BE54-9A1E7A4F7556}") = "NotificationService.ConsoleApp", "src\Services\NotificationService\NotificationService.ConsoleApp\NotificationService.ConsoleApp.csproj", "{91EE4585-F7B3-419B-AC5D-A63FACF5BF5C}"
EndProject
Project("{2150E333-8FDC-42A3-9474-1A3956D46DE8}") = "OrderService", "OrderService", "{1E58DB53-4543-4516-8CE1-0C911FD033C1}"
EndProject
Project("{2150E333-8FDC-42A3-9474-1A3956D46DE8}") = "PaymentService", "PaymentService", "{9A3D612D-891F-443A-A6F8-6D6422A57956}"
EndProject
Project("{9A19103F-16F7-4668-BE54-9A1E7A4F7556}") = "PaymentService.API", "src\Services\PaymentService\PaymentService.API\PaymentService.API.csproj", "{6E0124F7-0377-4A0B-A450-42A2A2B8BB2E}"
EndProject
Project("{9A19103F-16F7-4668-BE54-9A1E7A4F7556}") = "OrderService.Domain", "src\Services\OrderService\OrderService.Domain\OrderService.Domain.csproj", "{93B19152-A2C7-48F0-9A4B-5EBE60483A24}"
EndProject
Project("{9A19103F-16F7-4668-BE54-9A1E7A4F7556}") = "OrderService.Application", "src\Services\OrderService\OrderService.Application\OrderService.Application.csproj", "{3B209F21-83A1-463E-A21F-796B448FF006}"
EndProject
Project("{9A19103F-16F7-4668-BE54-9A1E7A4F7556}") = "OrderService.Infrastructure", "src\Services\OrderService\OrderService.Infrastructure\OrderService.Infrastructure.csproj", "{40BD78BC-F7D6-4B77-B51F-350FCCC9F5F0}"
EndProject
Project("{9A19103F-16F7-4668-BE54-9A1E7A4F7556}") = "OrderService.API", "src\Services\OrderService\OrderService.API\OrderService.API\OrderService.API.csproj", "{2AF1437D-BA1E-4DC5-A3C5-70BF9CA7531C}"
EndProject
Project("{2150E333-8FDC-42A3-9474-1A3956D46DE8}") = "tests", "tests", "{8B29C6B9-0FB7-46C1-8352-488F83117F17}"
EndProject
Project("{2150E333-8FDC-42A3-9474-1A3956D46DE8}") = "BuildingBlocks", "BuildingBlocks", "{D5BB3DF4-B0CD-4049-B529-2D31C5745299}"
EndProject
Project("{FAE04EC0-301F-11D3-BF4B-00C04F79EFBC}") = "EventBus.UnitTest", "tests\BuildingBlocks\EventBus.UnitTest\EventBus.UnitTest.csproj", "{97443AC8-6DC2-44E6-8CCC-7CC4B216EB75}"
EndProject
Global
	GlobalSection(SolutionConfigurationPlatforms) = preSolution
		Debug|Any CPU = Debug|Any CPU
		Release|Any CPU = Release|Any CPU
	EndGlobalSection
	GlobalSection(ProjectConfigurationPlatforms) = postSolution
		{CEA45997-D44E-4221-9BE3-B32929A033CD}.Debug|Any CPU.ActiveCfg = Debug|Any CPU
		{CEA45997-D44E-4221-9BE3-B32929A033CD}.Debug|Any CPU.Build.0 = Debug|Any CPU
		{CEA45997-D44E-4221-9BE3-B32929A033CD}.Release|Any CPU.ActiveCfg = Release|Any CPU
		{CEA45997-D44E-4221-9BE3-B32929A033CD}.Release|Any CPU.Build.0 = Release|Any CPU
		{770F00A6-BDCD-47CF-BF5F-3D9D15546825}.Debug|Any CPU.ActiveCfg = Debug|Any CPU
		{770F00A6-BDCD-47CF-BF5F-3D9D15546825}.Debug|Any CPU.Build.0 = Debug|Any CPU
		{770F00A6-BDCD-47CF-BF5F-3D9D15546825}.Release|Any CPU.ActiveCfg = Release|Any CPU
		{770F00A6-BDCD-47CF-BF5F-3D9D15546825}.Release|Any CPU.Build.0 = Release|Any CPU
		{A0B575CB-9B4D-4290-AFA7-2D5198C707E5}.Debug|Any CPU.ActiveCfg = Debug|Any CPU
		{A0B575CB-9B4D-4290-AFA7-2D5198C707E5}.Debug|Any CPU.Build.0 = Debug|Any CPU
		{A0B575CB-9B4D-4290-AFA7-2D5198C707E5}.Release|Any CPU.ActiveCfg = Release|Any CPU
		{A0B575CB-9B4D-4290-AFA7-2D5198C707E5}.Release|Any CPU.Build.0 = Release|Any CPU
		{F861DB35-E8AD-4BC8-8EE6-41880A0DC0F0}.Debug|Any CPU.ActiveCfg = Debug|Any CPU
		{F861DB35-E8AD-4BC8-8EE6-41880A0DC0F0}.Debug|Any CPU.Build.0 = Debug|Any CPU
		{F861DB35-E8AD-4BC8-8EE6-41880A0DC0F0}.Release|Any CPU.ActiveCfg = Release|Any CPU
		{F861DB35-E8AD-4BC8-8EE6-41880A0DC0F0}.Release|Any CPU.Build.0 = Release|Any CPU
		{A4EC94FF-D18F-49BB-BC38-1F0DAF152AB6}.Debug|Any CPU.ActiveCfg = Debug|Any CPU
		{A4EC94FF-D18F-49BB-BC38-1F0DAF152AB6}.Debug|Any CPU.Build.0 = Debug|Any CPU
		{A4EC94FF-D18F-49BB-BC38-1F0DAF152AB6}.Release|Any CPU.ActiveCfg = Release|Any CPU
		{A4EC94FF-D18F-49BB-BC38-1F0DAF152AB6}.Release|Any CPU.Build.0 = Release|Any CPU
		{C22F0894-9EA1-40A7-BF5A-099FB552037B}.Debug|Any CPU.ActiveCfg = Debug|Any CPU
		{C22F0894-9EA1-40A7-BF5A-099FB552037B}.Debug|Any CPU.Build.0 = Debug|Any CPU
		{C22F0894-9EA1-40A7-BF5A-099FB552037B}.Release|Any CPU.ActiveCfg = Release|Any CPU
		{C22F0894-9EA1-40A7-BF5A-099FB552037B}.Release|Any CPU.Build.0 = Release|Any CPU
		{14DBCFDF-CB63-4DFD-9A21-D7070DE15210}.Debug|Any CPU.ActiveCfg = Debug|Any CPU
		{14DBCFDF-CB63-4DFD-9A21-D7070DE15210}.Debug|Any CPU.Build.0 = Debug|Any CPU
		{14DBCFDF-CB63-4DFD-9A21-D7070DE15210}.Release|Any CPU.ActiveCfg = Release|Any CPU
		{14DBCFDF-CB63-4DFD-9A21-D7070DE15210}.Release|Any CPU.Build.0 = Release|Any CPU
		{9C4229DC-B7BF-43C4-8F7D-996A466AB346}.Debug|Any CPU.ActiveCfg = Debug|Any CPU
		{9C4229DC-B7BF-43C4-8F7D-996A466AB346}.Debug|Any CPU.Build.0 = Debug|Any CPU
		{9C4229DC-B7BF-43C4-8F7D-996A466AB346}.Release|Any CPU.ActiveCfg = Release|Any CPU
		{9C4229DC-B7BF-43C4-8F7D-996A466AB346}.Release|Any CPU.Build.0 = Release|Any CPU
		{2138F692-81DD-408A-94A1-E7D7CF530696}.Debug|Any CPU.ActiveCfg = Debug|Any CPU
		{2138F692-81DD-408A-94A1-E7D7CF530696}.Debug|Any CPU.Build.0 = Debug|Any CPU
		{2138F692-81DD-408A-94A1-E7D7CF530696}.Release|Any CPU.ActiveCfg = Release|Any CPU
		{2138F692-81DD-408A-94A1-E7D7CF530696}.Release|Any CPU.Build.0 = Release|Any CPU
		{91EE4585-F7B3-419B-AC5D-A63FACF5BF5C}.Debug|Any CPU.ActiveCfg = Debug|Any CPU
		{91EE4585-F7B3-419B-AC5D-A63FACF5BF5C}.Debug|Any CPU.Build.0 = Debug|Any CPU
		{91EE4585-F7B3-419B-AC5D-A63FACF5BF5C}.Release|Any CPU.ActiveCfg = Release|Any CPU
		{91EE4585-F7B3-419B-AC5D-A63FACF5BF5C}.Release|Any CPU.Build.0 = Release|Any CPU
		{6E0124F7-0377-4A0B-A450-42A2A2B8BB2E}.Debug|Any CPU.ActiveCfg = Debug|Any CPU
		{6E0124F7-0377-4A0B-A450-42A2A2B8BB2E}.Debug|Any CPU.Build.0 = Debug|Any CPU
		{6E0124F7-0377-4A0B-A450-42A2A2B8BB2E}.Release|Any CPU.ActiveCfg = Release|Any CPU
		{6E0124F7-0377-4A0B-A450-42A2A2B8BB2E}.Release|Any CPU.Build.0 = Release|Any CPU
		{93B19152-A2C7-48F0-9A4B-5EBE60483A24}.Debug|Any CPU.ActiveCfg = Debug|Any CPU
		{93B19152-A2C7-48F0-9A4B-5EBE60483A24}.Debug|Any CPU.Build.0 = Debug|Any CPU
		{93B19152-A2C7-48F0-9A4B-5EBE60483A24}.Release|Any CPU.ActiveCfg = Release|Any CPU
		{93B19152-A2C7-48F0-9A4B-5EBE60483A24}.Release|Any CPU.Build.0 = Release|Any CPU
		{3B209F21-83A1-463E-A21F-796B448FF006}.Debug|Any CPU.ActiveCfg = Debug|Any CPU
		{3B209F21-83A1-463E-A21F-796B448FF006}.Debug|Any CPU.Build.0 = Debug|Any CPU
		{3B209F21-83A1-463E-A21F-796B448FF006}.Release|Any CPU.ActiveCfg = Release|Any CPU
		{3B209F21-83A1-463E-A21F-796B448FF006}.Release|Any CPU.Build.0 = Release|Any CPU
		{40BD78BC-F7D6-4B77-B51F-350FCCC9F5F0}.Debug|Any CPU.ActiveCfg = Debug|Any CPU
		{40BD78BC-F7D6-4B77-B51F-350FCCC9F5F0}.Debug|Any CPU.Build.0 = Debug|Any CPU
		{40BD78BC-F7D6-4B77-B51F-350FCCC9F5F0}.Release|Any CPU.ActiveCfg = Release|Any CPU
		{40BD78BC-F7D6-4B77-B51F-350FCCC9F5F0}.Release|Any CPU.Build.0 = Release|Any CPU
		{2AF1437D-BA1E-4DC5-A3C5-70BF9CA7531C}.Debug|Any CPU.ActiveCfg = Debug|Any CPU
		{2AF1437D-BA1E-4DC5-A3C5-70BF9CA7531C}.Debug|Any CPU.Build.0 = Debug|Any CPU
		{2AF1437D-BA1E-4DC5-A3C5-70BF9CA7531C}.Release|Any CPU.ActiveCfg = Release|Any CPU
		{2AF1437D-BA1E-4DC5-A3C5-70BF9CA7531C}.Release|Any CPU.Build.0 = Release|Any CPU
		{97443AC8-6DC2-44E6-8CCC-7CC4B216EB75}.Debug|Any CPU.ActiveCfg = Debug|Any CPU
		{97443AC8-6DC2-44E6-8CCC-7CC4B216EB75}.Debug|Any CPU.Build.0 = Debug|Any CPU
		{97443AC8-6DC2-44E6-8CCC-7CC4B216EB75}.Release|Any CPU.ActiveCfg = Release|Any CPU
		{97443AC8-6DC2-44E6-8CCC-7CC4B216EB75}.Release|Any CPU.Build.0 = Release|Any CPU
	EndGlobalSection
	GlobalSection(SolutionProperties) = preSolution
		HideSolutionNode = FALSE
	EndGlobalSection
	GlobalSection(NestedProjects) = preSolution
		{5F1FBF10-FF81-4321-AE41-A5C833D30A9C} = {8B8E3F69-E96C-4BAF-A8EF-71DB73EF6201}
		{1C3CAA35-DE05-43C7-8CE7-5FF4C0A5550F} = {8B8E3F69-E96C-4BAF-A8EF-71DB73EF6201}
		{2B299B3E-79D4-4FF4-B42D-42FD51DD972D} = {8B8E3F69-E96C-4BAF-A8EF-71DB73EF6201}
		{8929BD65-D4D1-419B-9025-DA7C348AABCC} = {5F1FBF10-FF81-4321-AE41-A5C833D30A9C}
		{CEA45997-D44E-4221-9BE3-B32929A033CD} = {8929BD65-D4D1-419B-9025-DA7C348AABCC}
		{3435136E-AEFF-44AB-8A75-4A5EE9DE80EA} = {1C3CAA35-DE05-43C7-8CE7-5FF4C0A5550F}
		{770F00A6-BDCD-47CF-BF5F-3D9D15546825} = {3435136E-AEFF-44AB-8A75-4A5EE9DE80EA}
		{A0B575CB-9B4D-4290-AFA7-2D5198C707E5} = {3435136E-AEFF-44AB-8A75-4A5EE9DE80EA}
		{F861DB35-E8AD-4BC8-8EE6-41880A0DC0F0} = {3435136E-AEFF-44AB-8A75-4A5EE9DE80EA}
		{A4EC94FF-D18F-49BB-BC38-1F0DAF152AB6} = {3435136E-AEFF-44AB-8A75-4A5EE9DE80EA}
		{498640DE-1D92-4E7A-B64A-14ACF21993B4} = {8B8E3F69-E96C-4BAF-A8EF-71DB73EF6201}
		{39766DE6-C07A-459A-B0DC-C294475FF68E} = {498640DE-1D92-4E7A-B64A-14ACF21993B4}
		{C22F0894-9EA1-40A7-BF5A-099FB552037B} = {39766DE6-C07A-459A-B0DC-C294475FF68E}
		{22AD0DD7-69FE-477C-91B6-F747942225FD} = {2B299B3E-79D4-4FF4-B42D-42FD51DD972D}
		{14DBCFDF-CB63-4DFD-9A21-D7070DE15210} = {22AD0DD7-69FE-477C-91B6-F747942225FD}
		{D194CC24-3F1E-4B25-A3B1-2E21F059E807} = {2B299B3E-79D4-4FF4-B42D-42FD51DD972D}
		{9C4229DC-B7BF-43C4-8F7D-996A466AB346} = {D194CC24-3F1E-4B25-A3B1-2E21F059E807}
		{1248032C-B7BC-41A1-8ADF-99285179CCB9} = {2B299B3E-79D4-4FF4-B42D-42FD51DD972D}
		{2138F692-81DD-408A-94A1-E7D7CF530696} = {1248032C-B7BC-41A1-8ADF-99285179CCB9}
		{B50FCF11-8101-40FC-93A3-04D9EE398257} = {2B299B3E-79D4-4FF4-B42D-42FD51DD972D}
		{91EE4585-F7B3-419B-AC5D-A63FACF5BF5C} = {B50FCF11-8101-40FC-93A3-04D9EE398257}
		{1E58DB53-4543-4516-8CE1-0C911FD033C1} = {2B299B3E-79D4-4FF4-B42D-42FD51DD972D}
		{9A3D612D-891F-443A-A6F8-6D6422A57956} = {2B299B3E-79D4-4FF4-B42D-42FD51DD972D}
		{6E0124F7-0377-4A0B-A450-42A2A2B8BB2E} = {9A3D612D-891F-443A-A6F8-6D6422A57956}
		{93B19152-A2C7-48F0-9A4B-5EBE60483A24} = {1E58DB53-4543-4516-8CE1-0C911FD033C1}
		{3B209F21-83A1-463E-A21F-796B448FF006} = {1E58DB53-4543-4516-8CE1-0C911FD033C1}
		{40BD78BC-F7D6-4B77-B51F-350FCCC9F5F0} = {1E58DB53-4543-4516-8CE1-0C911FD033C1}
		{2AF1437D-BA1E-4DC5-A3C5-70BF9CA7531C} = {1E58DB53-4543-4516-8CE1-0C911FD033C1}
		{D5BB3DF4-B0CD-4049-B529-2D31C5745299} = {8B29C6B9-0FB7-46C1-8352-488F83117F17}
		{97443AC8-6DC2-44E6-8CCC-7CC4B216EB75} = {D5BB3DF4-B0CD-4049-B529-2D31C5745299}
	EndGlobalSection
	GlobalSection(ExtensibilityGlobals) = postSolution
		SolutionGuid = {8040563C-EAB8-4A0D-8EB9-E88919193F6A}
	EndGlobalSection
EndGlobal
